
Microsoft Visual Studio Solution File, Format Version 12.00
# Visual Studio Version 16
VisualStudioVersion = 16.0.31624.102
MinimumVisualStudioVersion = 10.0.40219.1
Project("{2150E333-8FDC-42A3-9474-1A3956D46DE8}") = "01-ASP", "01-ASP", "{B62D6144-C8E1-4B66-9A29-DD66A410AB64}"
EndProject
Project("{2150E333-8FDC-42A3-9474-1A3956D46DE8}") = "02-API", "02-API", "{80875525-AFB7-4D10-A36A-E2A44EC4FE53}"
EndProject
Project("{2150E333-8FDC-42A3-9474-1A3956D46DE8}") = "03-DataLayer", "03-DataLayer", "{BE93A69D-1AD0-4A75-B10F-B373670043DB}"
EndProject
Project("{2150E333-8FDC-42A3-9474-1A3956D46DE8}") = "04-Database", "04-Database", "{D6A51C3F-971D-4781-85A2-2D2B72A3B4DA}"
EndProject
Project("{2150E333-8FDC-42A3-9474-1A3956D46DE8}") = "99-Tools", "99-Tools", "{33578C06-A0DB-4582-A2A3-3D61BE3C20B3}"
EndProject
Project("{9A19103F-16F7-4668-BE54-9A1E7A4F7556}") = "ConnectionTool", "..\..\..\Desktop\Tools NE PAS PERDRE\ConnectionTool\ConnectionTool.csproj", "{D268AC45-5C91-4B5A-98CF-1B84C0CCDC0A}"
EndProject
Project("{00D1A9C2-B5F0-4AF3-8072-F6C62B433612}") = "AunDevDB", "AunDevDB\AunDevDB.sqlproj", "{165E9EA7-956F-4DBD-8189-9894BB69A613}"
EndProject
Project("{FAE04EC0-301F-11D3-BF4B-00C04F79EFBC}") = "DAL", "DAL\DAL.csproj", "{ED5B35A3-B5B4-4F3D-BFF0-494B2FF05498}"
EndProject
Project("{FAE04EC0-301F-11D3-BF4B-00C04F79EFBC}") = "BLL", "BLL\BLL.csproj", "{00F88C48-F644-4DA7-A9F9-4F03574AE04F}"
EndProject
Project("{FAE04EC0-301F-11D3-BF4B-00C04F79EFBC}") = "AunDevAPI", "AunDevAPI\AunDevAPI.csproj", "{BE4B6F35-D9EE-4BB0-94CC-F9F39D29A614}"
EndProject
Global
	GlobalSection(SolutionConfigurationPlatforms) = preSolution
		Debug|Any CPU = Debug|Any CPU
		Release|Any CPU = Release|Any CPU
	EndGlobalSection
	GlobalSection(ProjectConfigurationPlatforms) = postSolution
		{D268AC45-5C91-4B5A-98CF-1B84C0CCDC0A}.Debug|Any CPU.ActiveCfg = Debug|Any CPU
		{D268AC45-5C91-4B5A-98CF-1B84C0CCDC0A}.Debug|Any CPU.Build.0 = Debug|Any CPU
		{D268AC45-5C91-4B5A-98CF-1B84C0CCDC0A}.Release|Any CPU.ActiveCfg = Release|Any CPU
		{D268AC45-5C91-4B5A-98CF-1B84C0CCDC0A}.Release|Any CPU.Build.0 = Release|Any CPU
		{165E9EA7-956F-4DBD-8189-9894BB69A613}.Debug|Any CPU.ActiveCfg = Debug|Any CPU
		{165E9EA7-956F-4DBD-8189-9894BB69A613}.Debug|Any CPU.Build.0 = Debug|Any CPU
		{165E9EA7-956F-4DBD-8189-9894BB69A613}.Debug|Any CPU.Deploy.0 = Debug|Any CPU
		{165E9EA7-956F-4DBD-8189-9894BB69A613}.Release|Any CPU.ActiveCfg = Release|Any CPU
		{165E9EA7-956F-4DBD-8189-9894BB69A613}.Release|Any CPU.Build.0 = Release|Any CPU
		{165E9EA7-956F-4DBD-8189-9894BB69A613}.Release|Any CPU.Deploy.0 = Release|Any CPU
		{ED5B35A3-B5B4-4F3D-BFF0-494B2FF05498}.Debug|Any CPU.ActiveCfg = Debug|Any CPU
		{ED5B35A3-B5B4-4F3D-BFF0-494B2FF05498}.Debug|Any CPU.Build.0 = Debug|Any CPU
		{ED5B35A3-B5B4-4F3D-BFF0-494B2FF05498}.Release|Any CPU.ActiveCfg = Release|Any CPU
		{ED5B35A3-B5B4-4F3D-BFF0-494B2FF05498}.Release|Any CPU.Build.0 = Release|Any CPU
		{00F88C48-F644-4DA7-A9F9-4F03574AE04F}.Debug|Any CPU.ActiveCfg = Debug|Any CPU
		{00F88C48-F644-4DA7-A9F9-4F03574AE04F}.Debug|Any CPU.Build.0 = Debug|Any CPU
		{00F88C48-F644-4DA7-A9F9-4F03574AE04F}.Release|Any CPU.ActiveCfg = Release|Any CPU
		{00F88C48-F644-4DA7-A9F9-4F03574AE04F}.Release|Any CPU.Build.0 = Release|Any CPU
		{BE4B6F35-D9EE-4BB0-94CC-F9F39D29A614}.Debug|Any CPU.ActiveCfg = Debug|Any CPU
		{BE4B6F35-D9EE-4BB0-94CC-F9F39D29A614}.Debug|Any CPU.Build.0 = Debug|Any CPU
		{BE4B6F35-D9EE-4BB0-94CC-F9F39D29A614}.Release|Any CPU.ActiveCfg = Release|Any CPU
		{BE4B6F35-D9EE-4BB0-94CC-F9F39D29A614}.Release|Any CPU.Build.0 = Release|Any CPU
	EndGlobalSection
	GlobalSection(SolutionProperties) = preSolution
		HideSolutionNode = FALSE
	EndGlobalSection
	GlobalSection(NestedProjects) = preSolution
		{D268AC45-5C91-4B5A-98CF-1B84C0CCDC0A} = {33578C06-A0DB-4582-A2A3-3D61BE3C20B3}
		{165E9EA7-956F-4DBD-8189-9894BB69A613} = {D6A51C3F-971D-4781-85A2-2D2B72A3B4DA}
		{ED5B35A3-B5B4-4F3D-BFF0-494B2FF05498} = {BE93A69D-1AD0-4A75-B10F-B373670043DB}
		{00F88C48-F644-4DA7-A9F9-4F03574AE04F} = {BE93A69D-1AD0-4A75-B10F-B373670043DB}
		{BE4B6F35-D9EE-4BB0-94CC-F9F39D29A614} = {80875525-AFB7-4D10-A36A-E2A44EC4FE53}
	EndGlobalSection
	GlobalSection(ExtensibilityGlobals) = postSolution
		SolutionGuid = {9D721082-FF47-47C3-A3D6-0A0955302AC8}
	EndGlobalSection
EndGlobal
